
Microsoft Visual Studio Solution File, Format Version 12.00
# Visual Studio 15
VisualStudioVersion = 15.0.27130.2010
MinimumVisualStudioVersion = 10.0.40219.1
Project("{FAE04EC0-301F-11D3-BF4B-00C04F79EFBC}") = "WpfApp1", "WpfApp1\WpfApp1.csproj", "{EB1BC0FF-5759-4CC1-9ACF-D8081084BCCA}"
EndProject
Project("{FAE04EC0-301F-11D3-BF4B-00C04F79EFBC}") = "MathLib", "MathLib\MathLib.csproj", "{D8AFF68A-F544-4260-B718-2D70D7646635}"
EndProject
Global
	GlobalSection(SolutionConfigurationPlatforms) = preSolution
		Debug|Any CPU = Debug|Any CPU
		Release|Any CPU = Release|Any CPU
	EndGlobalSection
	GlobalSection(ProjectConfigurationPlatforms) = postSolution
		{EB1BC0FF-5759-4CC1-9ACF-D8081084BCCA}.Debug|Any CPU.ActiveCfg = Debug|Any CPU
		{EB1BC0FF-5759-4CC1-9ACF-D8081084BCCA}.Debug|Any CPU.Build.0 = Debug|Any CPU
		{EB1BC0FF-5759-4CC1-9ACF-D8081084BCCA}.Release|Any CPU.ActiveCfg = Release|Any CPU
		{EB1BC0FF-5759-4CC1-9ACF-D8081084BCCA}.Release|Any CPU.Build.0 = Release|Any CPU
		{D8AFF68A-F544-4260-B718-2D70D7646635}.Debug|Any CPU.ActiveCfg = Debug|Any CPU
		{D8AFF68A-F544-4260-B718-2D70D7646635}.Debug|Any CPU.Build.0 = Debug|Any CPU
		{D8AFF68A-F544-4260-B718-2D70D7646635}.Release|Any CPU.ActiveCfg = Release|Any CPU
		{D8AFF68A-F544-4260-B718-2D70D7646635}.Release|Any CPU.Build.0 = Release|Any CPU
	EndGlobalSection
	GlobalSection(SolutionProperties) = preSolution
		HideSolutionNode = FALSE
	EndGlobalSection
	GlobalSection(ExtensibilityGlobals) = postSolution
		SolutionGuid = {50CC8509-2D29-4A6A-A9FE-E69EAD7CBCEF}
	EndGlobalSection
EndGlobal
